// !$*UTF8*$!
{
	archiveVersion = 1;
	classes = {
	};
	objectVersion = 56;
	objects = {

/* Begin PBXBuildFile section */
		B58858DB2C12ACB90096B20D /* AppDelegate.swift in Sources */ = {isa = PBXBuildFile; fileRef = B58858DA2C12ACB90096B20D /* AppDelegate.swift */; };
		B58858DD2C12ACB90096B20D /* SceneDelegate.swift in Sources */ = {isa = PBXBuildFile; fileRef = B58858DC2C12ACB90096B20D /* SceneDelegate.swift */; };
		B58858DF2C12ACB90096B20D /* HomeViewController.swift in Sources */ = {isa = PBXBuildFile; fileRef = B58858DE2C12ACB90096B20D /* HomeViewController.swift */; };
		B58858E22C12ACB90096B20D /* Main.storyboard in Resources */ = {isa = PBXBuildFile; fileRef = B58858E02C12ACB90096B20D /* Main.storyboard */; };
		B58858E42C12ACBC0096B20D /* Assets.xcassets in Resources */ = {isa = PBXBuildFile; fileRef = B58858E32C12ACBC0096B20D /* Assets.xcassets */; };
		B58858E72C12ACBC0096B20D /* LaunchScreen.storyboard in Resources */ = {isa = PBXBuildFile; fileRef = B58858E52C12ACBC0096B20D /* LaunchScreen.storyboard */; };
		B58858F42C12AEE90096B20D /* ExploreViewController.swift in Sources */ = {isa = PBXBuildFile; fileRef = B58858F32C12AEE90096B20D /* ExploreViewController.swift */; };
		B58858F62C12AF770096B20D /* CameraViewController.swift in Sources */ = {isa = PBXBuildFile; fileRef = B58858F52C12AF770096B20D /* CameraViewController.swift */; };
		B58858F82C12C3210096B20D /* NotificationViewController.swift in Sources */ = {isa = PBXBuildFile; fileRef = B58858F72C12C3210096B20D /* NotificationViewController.swift */; };
		B58858FA2C12C3BD0096B20D /* ProfileViewController.swift in Sources */ = {isa = PBXBuildFile; fileRef = B58858F92C12C3BD0096B20D /* ProfileViewController.swift */; };
		B58858FF2C12C4EC0096B20D /* LoginViewController.swift in Sources */ = {isa = PBXBuildFile; fileRef = B58858FE2C12C4EC0096B20D /* LoginViewController.swift */; };
		B58859022C12C5110096B20D /* RegistrationViewController.swift in Sources */ = {isa = PBXBuildFile; fileRef = B58859012C12C5110096B20D /* RegistrationViewController.swift */; };
		B58859042C12C5420096B20D /* PostViewController.swift in Sources */ = {isa = PBXBuildFile; fileRef = B58859032C12C5420096B20D /* PostViewController.swift */; };
		B58859062C12C59F0096B20D /* EditProfileViewController.swift in Sources */ = {isa = PBXBuildFile; fileRef = B58859052C12C59F0096B20D /* EditProfileViewController.swift */; };
		B58859082C12C5BC0096B20D /* SettingsViewController.swift in Sources */ = {isa = PBXBuildFile; fileRef = B58859072C12C5BC0096B20D /* SettingsViewController.swift */; };
		B588590A2C12C5D90096B20D /* ListViewViewController.swift in Sources */ = {isa = PBXBuildFile; fileRef = B58859092C12C5D90096B20D /* ListViewViewController.swift */; };
		B588590C2C12C5F50096B20D /* SearchViewController.swift in Sources */ = {isa = PBXBuildFile; fileRef = B588590B2C12C5F50096B20D /* SearchViewController.swift */; };
		B588590E2C12C6A80096B20D /* SearchResultViewController.swift in Sources */ = {isa = PBXBuildFile; fileRef = B588590D2C12C6A80096B20D /* SearchResultViewController.swift */; };
		B58859102C12C6DF0096B20D /* PostEditorViewController.swift in Sources */ = {isa = PBXBuildFile; fileRef = B588590F2C12C6DF0096B20D /* PostEditorViewController.swift */; };
		B58859122C12C7010096B20D /* PublishPostViewController.swift in Sources */ = {isa = PBXBuildFile; fileRef = B58859112C12C7010096B20D /* PublishPostViewController.swift */; };
/* End PBXBuildFile section */

/* Begin PBXFileReference section */
		B58858D72C12ACB90096B20D /* Instagram.app */ = {isa = PBXFileReference; explicitFileType = wrapper.application; includeInIndex = 0; path = Instagram.app; sourceTree = BUILT_PRODUCTS_DIR; };
		B58858DA2C12ACB90096B20D /* AppDelegate.swift */ = {isa = PBXFileReference; lastKnownFileType = sourcecode.swift; path = AppDelegate.swift; sourceTree = "<group>"; };
		B58858DC2C12ACB90096B20D /* SceneDelegate.swift */ = {isa = PBXFileReference; lastKnownFileType = sourcecode.swift; path = SceneDelegate.swift; sourceTree = "<group>"; };
		B58858DE2C12ACB90096B20D /* HomeViewController.swift */ = {isa = PBXFileReference; lastKnownFileType = sourcecode.swift; path = HomeViewController.swift; sourceTree = "<group>"; };
		B58858E12C12ACB90096B20D /* Base */ = {isa = PBXFileReference; lastKnownFileType = file.storyboard; name = Base; path = Base.lproj/Main.storyboard; sourceTree = "<group>"; };
		B58858E32C12ACBC0096B20D /* Assets.xcassets */ = {isa = PBXFileReference; lastKnownFileType = folder.assetcatalog; path = Assets.xcassets; sourceTree = "<group>"; };
		B58858E62C12ACBC0096B20D /* Base */ = {isa = PBXFileReference; lastKnownFileType = file.storyboard; name = Base; path = Base.lproj/LaunchScreen.storyboard; sourceTree = "<group>"; };
		B58858E82C12ACBC0096B20D /* Info.plist */ = {isa = PBXFileReference; lastKnownFileType = text.plist.xml; path = Info.plist; sourceTree = "<group>"; };
		B58858F32C12AEE90096B20D /* ExploreViewController.swift */ = {isa = PBXFileReference; lastKnownFileType = sourcecode.swift; path = ExploreViewController.swift; sourceTree = "<group>"; };
		B58858F52C12AF770096B20D /* CameraViewController.swift */ = {isa = PBXFileReference; lastKnownFileType = sourcecode.swift; path = CameraViewController.swift; sourceTree = "<group>"; };
		B58858F72C12C3210096B20D /* NotificationViewController.swift */ = {isa = PBXFileReference; lastKnownFileType = sourcecode.swift; path = NotificationViewController.swift; sourceTree = "<group>"; };
		B58858F92C12C3BD0096B20D /* ProfileViewController.swift */ = {isa = PBXFileReference; lastKnownFileType = sourcecode.swift; path = ProfileViewController.swift; sourceTree = "<group>"; };
		B58858FE2C12C4EC0096B20D /* LoginViewController.swift */ = {isa = PBXFileReference; lastKnownFileType = sourcecode.swift; path = LoginViewController.swift; sourceTree = "<group>"; };
		B58859012C12C5110096B20D /* RegistrationViewController.swift */ = {isa = PBXFileReference; lastKnownFileType = sourcecode.swift; path = RegistrationViewController.swift; sourceTree = "<group>"; };
		B58859032C12C5420096B20D /* PostViewController.swift */ = {isa = PBXFileReference; lastKnownFileType = sourcecode.swift; path = PostViewController.swift; sourceTree = "<group>"; };
		B58859052C12C59F0096B20D /* EditProfileViewController.swift */ = {isa = PBXFileReference; lastKnownFileType = sourcecode.swift; path = EditProfileViewController.swift; sourceTree = "<group>"; };
		B58859072C12C5BC0096B20D /* SettingsViewController.swift */ = {isa = PBXFileReference; lastKnownFileType = sourcecode.swift; path = SettingsViewController.swift; sourceTree = "<group>"; };
		B58859092C12C5D90096B20D /* ListViewViewController.swift */ = {isa = PBXFileReference; lastKnownFileType = sourcecode.swift; path = ListViewViewController.swift; sourceTree = "<group>"; };
		B588590B2C12C5F50096B20D /* SearchViewController.swift */ = {isa = PBXFileReference; lastKnownFileType = sourcecode.swift; path = SearchViewController.swift; sourceTree = "<group>"; };
		B588590D2C12C6A80096B20D /* SearchResultViewController.swift */ = {isa = PBXFileReference; lastKnownFileType = sourcecode.swift; path = SearchResultViewController.swift; sourceTree = "<group>"; };
		B588590F2C12C6DF0096B20D /* PostEditorViewController.swift */ = {isa = PBXFileReference; lastKnownFileType = sourcecode.swift; path = PostEditorViewController.swift; sourceTree = "<group>"; };
		B58859112C12C7010096B20D /* PublishPostViewController.swift */ = {isa = PBXFileReference; lastKnownFileType = sourcecode.swift; path = PublishPostViewController.swift; sourceTree = "<group>"; };
/* End PBXFileReference section */

/* Begin PBXFrameworksBuildPhase section */
		B58858D42C12ACB90096B20D /* Frameworks */ = {
			isa = PBXFrameworksBuildPhase;
			buildActionMask = 2147483647;
			files = (
			);
			runOnlyForDeploymentPostprocessing = 0;
		};
/* End PBXFrameworksBuildPhase section */

/* Begin PBXGroup section */
		B58858CE2C12ACB90096B20D = {
			isa = PBXGroup;
			children = (
				B58858D92C12ACB90096B20D /* Instagram */,
				B58858D82C12ACB90096B20D /* Products */,
			);
			sourceTree = "<group>";
		};
		B58858D82C12ACB90096B20D /* Products */ = {
			isa = PBXGroup;
			children = (
				B58858D72C12ACB90096B20D /* Instagram.app */,
			);
			name = Products;
			sourceTree = "<group>";
		};
		B58858D92C12ACB90096B20D /* Instagram */ = {
			isa = PBXGroup;
			children = (
				B58858F12C12AD840096B20D /* resources */,
				B58858F02C12AD6F0096B20D /* models */,
				B58858EF2C12AD380096B20D /* views */,
				B58858EE2C12AD2B0096B20D /* controllers */,
				B58858E82C12ACBC0096B20D /* Info.plist */,
			);
			path = Instagram;
			sourceTree = "<group>";
		};
		B58858EE2C12AD2B0096B20D /* controllers */ = {
			isa = PBXGroup;
			children = (
				B58858FC2C12C49D0096B20D /* Other */,
				B58858FB2C12C40F0096B20D /* Core Tabs */,
			);
			path = controllers;
			sourceTree = "<group>";
		};
		B58858EF2C12AD380096B20D /* views */ = {
			isa = PBXGroup;
			children = (
				B58858F22C12AE170096B20D /* storyboards */,
				B58858E32C12ACBC0096B20D /* Assets.xcassets */,
			);
			path = views;
			sourceTree = "<group>";
		};
		B58858F02C12AD6F0096B20D /* models */ = {
			isa = PBXGroup;
			children = (
			);
			path = models;
			sourceTree = "<group>";
		};
		B58858F12C12AD840096B20D /* resources */ = {
			isa = PBXGroup;
			children = (
				B58858DA2C12ACB90096B20D /* AppDelegate.swift */,
				B58858DC2C12ACB90096B20D /* SceneDelegate.swift */,
			);
			path = resources;
			sourceTree = "<group>";
		};
		B58858F22C12AE170096B20D /* storyboards */ = {
			isa = PBXGroup;
			children = (
				B58858E02C12ACB90096B20D /* Main.storyboard */,
				B58858E52C12ACBC0096B20D /* LaunchScreen.storyboard */,
			);
			path = storyboards;
			sourceTree = "<group>";
		};
		B58858FB2C12C40F0096B20D /* Core Tabs */ = {
			isa = PBXGroup;
			children = (
				B58858DE2C12ACB90096B20D /* HomeViewController.swift */,
				B58858F32C12AEE90096B20D /* ExploreViewController.swift */,
				B58858F52C12AF770096B20D /* CameraViewController.swift */,
				B58858F72C12C3210096B20D /* NotificationViewController.swift */,
				B58858F92C12C3BD0096B20D /* ProfileViewController.swift */,
			);
			path = "Core Tabs";
			sourceTree = "<group>";
		};
		B58858FC2C12C49D0096B20D /* Other */ = {
			isa = PBXGroup;
			children = (
				B58858FD2C12C4C80096B20D /* Onboarding */,
				B58859032C12C5420096B20D /* PostViewController.swift */,
				B58859052C12C59F0096B20D /* EditProfileViewController.swift */,
				B58859072C12C5BC0096B20D /* SettingsViewController.swift */,
				B58859092C12C5D90096B20D /* ListViewViewController.swift */,
				B588590B2C12C5F50096B20D /* SearchViewController.swift */,
				B588590D2C12C6A80096B20D /* SearchResultViewController.swift */,
				B588590F2C12C6DF0096B20D /* PostEditorViewController.swift */,
				B58859112C12C7010096B20D /* PublishPostViewController.swift */,
			);
			path = Other;
			sourceTree = "<group>";
		};
		B58858FD2C12C4C80096B20D /* Onboarding */ = {
			isa = PBXGroup;
			children = (
				B58858FE2C12C4EC0096B20D /* LoginViewController.swift */,
				B58859012C12C5110096B20D /* RegistrationViewController.swift */,
			);
			path = Onboarding;
			sourceTree = "<group>";
		};
/* End PBXGroup section */

/* Begin PBXNativeTarget section */
		B58858D62C12ACB90096B20D /* Instagram */ = {
			isa = PBXNativeTarget;
			buildConfigurationList = B58858EB2C12ACBC0096B20D /* Build configuration list for PBXNativeTarget "Instagram" */;
			buildPhases = (
				B58858D32C12ACB90096B20D /* Sources */,
				B58858D42C12ACB90096B20D /* Frameworks */,
				B58858D52C12ACB90096B20D /* Resources */,
			);
			buildRules = (
			);
			dependencies = (
			);
			name = Instagram;
			productName = Instagram;
			productReference = B58858D72C12ACB90096B20D /* Instagram.app */;
			productType = "com.apple.product-type.application";
		};
/* End PBXNativeTarget section */

/* Begin PBXProject section */
		B58858CF2C12ACB90096B20D /* Project object */ = {
			isa = PBXProject;
			attributes = {
				BuildIndependentTargetsInParallel = 1;
				LastSwiftUpdateCheck = 1510;
				LastUpgradeCheck = 1510;
				TargetAttributes = {
					B58858D62C12ACB90096B20D = {
						CreatedOnToolsVersion = 15.1;
					};
				};
			};
			buildConfigurationList = B58858D22C12ACB90096B20D /* Build configuration list for PBXProject "Instagram" */;
			compatibilityVersion = "Xcode 14.0";
			developmentRegion = en;
			hasScannedForEncodings = 0;
			knownRegions = (
				en,
				Base,
			);
			mainGroup = B58858CE2C12ACB90096B20D;
			productRefGroup = B58858D82C12ACB90096B20D /* Products */;
			projectDirPath = "";
			projectRoot = "";
			targets = (
				B58858D62C12ACB90096B20D /* Instagram */,
			);
		};
/* End PBXProject section */

/* Begin PBXResourcesBuildPhase section */
		B58858D52C12ACB90096B20D /* Resources */ = {
			isa = PBXResourcesBuildPhase;
			buildActionMask = 2147483647;
			files = (
				B58858E72C12ACBC0096B20D /* LaunchScreen.storyboard in Resources */,
				B58858E42C12ACBC0096B20D /* Assets.xcassets in Resources */,
				B58858E22C12ACB90096B20D /* Main.storyboard in Resources */,
			);
			runOnlyForDeploymentPostprocessing = 0;
		};
/* End PBXResourcesBuildPhase section */

/* Begin PBXSourcesBuildPhase section */
		B58858D32C12ACB90096B20D /* Sources */ = {
			isa = PBXSourcesBuildPhase;
			buildActionMask = 2147483647;
			files = (
				B588590A2C12C5D90096B20D /* ListViewViewController.swift in Sources */,
				B58859062C12C59F0096B20D /* EditProfileViewController.swift in Sources */,
				B58859122C12C7010096B20D /* PublishPostViewController.swift in Sources */,
				B58858F42C12AEE90096B20D /* ExploreViewController.swift in Sources */,
				B58858F62C12AF770096B20D /* CameraViewController.swift in Sources */,
				B58858F82C12C3210096B20D /* NotificationViewController.swift in Sources */,
				B58859102C12C6DF0096B20D /* PostEditorViewController.swift in Sources */,
				B58859022C12C5110096B20D /* RegistrationViewController.swift in Sources */,
				B58859042C12C5420096B20D /* PostViewController.swift in Sources */,
				B588590E2C12C6A80096B20D /* SearchResultViewController.swift in Sources */,
				B58858DF2C12ACB90096B20D /* HomeViewController.swift in Sources */,
				B588590C2C12C5F50096B20D /* SearchViewController.swift in Sources */,
				B58858FF2C12C4EC0096B20D /* LoginViewController.swift in Sources */,
				B58858FA2C12C3BD0096B20D /* ProfileViewController.swift in Sources */,
				B58858DB2C12ACB90096B20D /* AppDelegate.swift in Sources */,
				B58858DD2C12ACB90096B20D /* SceneDelegate.swift in Sources */,
				B58859082C12C5BC0096B20D /* SettingsViewController.swift in Sources */,
			);
			runOnlyForDeploymentPostprocessing = 0;
		};
/* End PBXSourcesBuildPhase section */

/* Begin PBXVariantGroup section */
		B58858E02C12ACB90096B20D /* Main.storyboard */ = {
			isa = PBXVariantGroup;
			children = (
				B58858E12C12ACB90096B20D /* Base */,
			);
			name = Main.storyboard;
			sourceTree = "<group>";
		};
		B58858E52C12ACBC0096B20D /* LaunchScreen.storyboard */ = {
			isa = PBXVariantGroup;
			children = (
				B58858E62C12ACBC0096B20D /* Base */,
			);
			name = LaunchScreen.storyboard;
			sourceTree = "<group>";
		};
/* End PBXVariantGroup section */

/* Begin XCBuildConfiguration section */
		B58858E92C12ACBC0096B20D /* Debug */ = {
			isa = XCBuildConfiguration;
			buildSettings = {
				ALWAYS_SEARCH_USER_PATHS = NO;
				ASSETCATALOG_COMPILER_GENERATE_SWIFT_ASSET_SYMBOL_EXTENSIONS = YES;
				CLANG_ANALYZER_NONNULL = YES;
				CLANG_ANALYZER_NUMBER_OBJECT_CONVERSION = YES_AGGRESSIVE;
				CLANG_CXX_LANGUAGE_STANDARD = "gnu++20";
				CLANG_ENABLE_MODULES = YES;
				CLANG_ENABLE_OBJC_ARC = YES;
				CLANG_ENABLE_OBJC_WEAK = YES;
				CLANG_WARN_BLOCK_CAPTURE_AUTORELEASING = YES;
				CLANG_WARN_BOOL_CONVERSION = YES;
				CLANG_WARN_COMMA = YES;
				CLANG_WARN_CONSTANT_CONVERSION = YES;
				CLANG_WARN_DEPRECATED_OBJC_IMPLEMENTATIONS = YES;
				CLANG_WARN_DIRECT_OBJC_ISA_USAGE = YES_ERROR;
				CLANG_WARN_DOCUMENTATION_COMMENTS = YES;
				CLANG_WARN_EMPTY_BODY = YES;
				CLANG_WARN_ENUM_CONVERSION = YES;
				CLANG_WARN_INFINITE_RECURSION = YES;
				CLANG_WARN_INT_CONVERSION = YES;
				CLANG_WARN_NON_LITERAL_NULL_CONVERSION = YES;
				CLANG_WARN_OBJC_IMPLICIT_RETAIN_SELF = YES;
				CLANG_WARN_OBJC_LITERAL_CONVERSION = YES;
				CLANG_WARN_OBJC_ROOT_CLASS = YES_ERROR;
				CLANG_WARN_QUOTED_INCLUDE_IN_FRAMEWORK_HEADER = YES;
				CLANG_WARN_RANGE_LOOP_ANALYSIS = YES;
				CLANG_WARN_STRICT_PROTOTYPES = YES;
				CLANG_WARN_SUSPICIOUS_MOVE = YES;
				CLANG_WARN_UNGUARDED_AVAILABILITY = YES_AGGRESSIVE;
				CLANG_WARN_UNREACHABLE_CODE = YES;
				CLANG_WARN__DUPLICATE_METHOD_MATCH = YES;
				COPY_PHASE_STRIP = NO;
				DEBUG_INFORMATION_FORMAT = dwarf;
				ENABLE_STRICT_OBJC_MSGSEND = YES;
				ENABLE_TESTABILITY = YES;
				ENABLE_USER_SCRIPT_SANDBOXING = YES;
				GCC_C_LANGUAGE_STANDARD = gnu17;
				GCC_DYNAMIC_NO_PIC = NO;
				GCC_NO_COMMON_BLOCKS = YES;
				GCC_OPTIMIZATION_LEVEL = 0;
				GCC_PREPROCESSOR_DEFINITIONS = (
					"DEBUG=1",
					"$(inherited)",
				);
				GCC_WARN_64_TO_32_BIT_CONVERSION = YES;
				GCC_WARN_ABOUT_RETURN_TYPE = YES_ERROR;
				GCC_WARN_UNDECLARED_SELECTOR = YES;
				GCC_WARN_UNINITIALIZED_AUTOS = YES_AGGRESSIVE;
				GCC_WARN_UNUSED_FUNCTION = YES;
				GCC_WARN_UNUSED_VARIABLE = YES;
				IPHONEOS_DEPLOYMENT_TARGET = 17.2;
				LOCALIZATION_PREFERS_STRING_CATALOGS = YES;
				MTL_ENABLE_DEBUG_INFO = INCLUDE_SOURCE;
				MTL_FAST_MATH = YES;
				ONLY_ACTIVE_ARCH = YES;
				SDKROOT = iphoneos;
				SWIFT_ACTIVE_COMPILATION_CONDITIONS = "DEBUG $(inherited)";
				SWIFT_OPTIMIZATION_LEVEL = "-Onone";
			};
			name = Debug;
		};
		B58858EA2C12ACBC0096B20D /* Release */ = {
			isa = XCBuildConfiguration;
			buildSettings = {
				ALWAYS_SEARCH_USER_PATHS = NO;
				ASSETCATALOG_COMPILER_GENERATE_SWIFT_ASSET_SYMBOL_EXTENSIONS = YES;
				CLANG_ANALYZER_NONNULL = YES;
				CLANG_ANALYZER_NUMBER_OBJECT_CONVERSION = YES_AGGRESSIVE;
				CLANG_CXX_LANGUAGE_STANDARD = "gnu++20";
				CLANG_ENABLE_MODULES = YES;
				CLANG_ENABLE_OBJC_ARC = YES;
				CLANG_ENABLE_OBJC_WEAK = YES;
				CLANG_WARN_BLOCK_CAPTURE_AUTORELEASING = YES;
				CLANG_WARN_BOOL_CONVERSION = YES;
				CLANG_WARN_COMMA = YES;
				CLANG_WARN_CONSTANT_CONVERSION = YES;
				CLANG_WARN_DEPRECATED_OBJC_IMPLEMENTATIONS = YES;
				CLANG_WARN_DIRECT_OBJC_ISA_USAGE = YES_ERROR;
				CLANG_WARN_DOCUMENTATION_COMMENTS = YES;
				CLANG_WARN_EMPTY_BODY = YES;
				CLANG_WARN_ENUM_CONVERSION = YES;
				CLANG_WARN_INFINITE_RECURSION = YES;
				CLANG_WARN_INT_CONVERSION = YES;
				CLANG_WARN_NON_LITERAL_NULL_CONVERSION = YES;
				CLANG_WARN_OBJC_IMPLICIT_RETAIN_SELF = YES;
				CLANG_WARN_OBJC_LITERAL_CONVERSION = YES;
				CLANG_WARN_OBJC_ROOT_CLASS = YES_ERROR;
				CLANG_WARN_QUOTED_INCLUDE_IN_FRAMEWORK_HEADER = YES;
				CLANG_WARN_RANGE_LOOP_ANALYSIS = YES;
				CLANG_WARN_STRICT_PROTOTYPES = YES;
				CLANG_WARN_SUSPICIOUS_MOVE = YES;
				CLANG_WARN_UNGUARDED_AVAILABILITY = YES_AGGRESSIVE;
				CLANG_WARN_UNREACHABLE_CODE = YES;
				CLANG_WARN__DUPLICATE_METHOD_MATCH = YES;
				COPY_PHASE_STRIP = NO;
				DEBUG_INFORMATION_FORMAT = "dwarf-with-dsym";
				ENABLE_NS_ASSERTIONS = NO;
				ENABLE_STRICT_OBJC_MSGSEND = YES;
				ENABLE_USER_SCRIPT_SANDBOXING = YES;
				GCC_C_LANGUAGE_STANDARD = gnu17;
				GCC_NO_COMMON_BLOCKS = YES;
				GCC_WARN_64_TO_32_BIT_CONVERSION = YES;
				GCC_WARN_ABOUT_RETURN_TYPE = YES_ERROR;
				GCC_WARN_UNDECLARED_SELECTOR = YES;
				GCC_WARN_UNINITIALIZED_AUTOS = YES_AGGRESSIVE;
				GCC_WARN_UNUSED_FUNCTION = YES;
				GCC_WARN_UNUSED_VARIABLE = YES;
				IPHONEOS_DEPLOYMENT_TARGET = 17.2;
				LOCALIZATION_PREFERS_STRING_CATALOGS = YES;
				MTL_ENABLE_DEBUG_INFO = NO;
				MTL_FAST_MATH = YES;
				SDKROOT = iphoneos;
				SWIFT_COMPILATION_MODE = wholemodule;
				VALIDATE_PRODUCT = YES;
			};
			name = Release;
		};
		B58858EC2C12ACBC0096B20D /* Debug */ = {
			isa = XCBuildConfiguration;
			buildSettings = {
				ASSETCATALOG_COMPILER_APPICON_NAME = AppIcon;
				ASSETCATALOG_COMPILER_GLOBAL_ACCENT_COLOR_NAME = AccentColor;
				CODE_SIGN_STYLE = Automatic;
				CURRENT_PROJECT_VERSION = 1;
				DEVELOPMENT_TEAM = 836YTXW33M;
				GENERATE_INFOPLIST_FILE = YES;
				INFOPLIST_FILE = Instagram/Info.plist;
				INFOPLIST_KEY_UIApplicationSupportsIndirectInputEvents = YES;
				INFOPLIST_KEY_UILaunchStoryboardName = LaunchScreen;
				INFOPLIST_KEY_UIMainStoryboardFile = Main;
				INFOPLIST_KEY_UISupportedInterfaceOrientations_iPad = "UIInterfaceOrientationPortrait UIInterfaceOrientationPortraitUpsideDown UIInterfaceOrientationLandscapeLeft UIInterfaceOrientationLandscapeRight";
				INFOPLIST_KEY_UISupportedInterfaceOrientations_iPhone = "UIInterfaceOrientationPortrait UIInterfaceOrientationLandscapeLeft UIInterfaceOrientationLandscapeRight";
				LD_RUNPATH_SEARCH_PATHS = (
					"$(inherited)",
					"@executable_path/Frameworks",
				);
				MARKETING_VERSION = 1.0;
				PRODUCT_BUNDLE_IDENTIFIER = com.wj.Instagram;
				PRODUCT_NAME = "$(TARGET_NAME)";
				SWIFT_EMIT_LOC_STRINGS = YES;
				SWIFT_VERSION = 5.0;
				TARGETED_DEVICE_FAMILY = "1,2";
			};
			name = Debug;
		};
		B58858ED2C12ACBC0096B20D /* Release */ = {
			isa = XCBuildConfiguration;
			buildSettings = {
				ASSETCATALOG_COMPILER_APPICON_NAME = AppIcon;
				ASSETCATALOG_COMPILER_GLOBAL_ACCENT_COLOR_NAME = AccentColor;
				CODE_SIGN_STYLE = Automatic;
				CURRENT_PROJECT_VERSION = 1;
				DEVELOPMENT_TEAM = 836YTXW33M;
				GENERATE_INFOPLIST_FILE = YES;
				INFOPLIST_FILE = Instagram/Info.plist;
				INFOPLIST_KEY_UIApplicationSupportsIndirectInputEvents = YES;
				INFOPLIST_KEY_UILaunchStoryboardName = LaunchScreen;
				INFOPLIST_KEY_UIMainStoryboardFile = Main;
				INFOPLIST_KEY_UISupportedInterfaceOrientations_iPad = "UIInterfaceOrientationPortrait UIInterfaceOrientationPortraitUpsideDown UIInterfaceOrientationLandscapeLeft UIInterfaceOrientationLandscapeRight";
				INFOPLIST_KEY_UISupportedInterfaceOrientations_iPhone = "UIInterfaceOrientationPortrait UIInterfaceOrientationLandscapeLeft UIInterfaceOrientationLandscapeRight";
				LD_RUNPATH_SEARCH_PATHS = (
					"$(inherited)",
					"@executable_path/Frameworks",
				);
				MARKETING_VERSION = 1.0;
				PRODUCT_BUNDLE_IDENTIFIER = com.wj.Instagram;
				PRODUCT_NAME = "$(TARGET_NAME)";
				SWIFT_EMIT_LOC_STRINGS = YES;
				SWIFT_VERSION = 5.0;
				TARGETED_DEVICE_FAMILY = "1,2";
			};
			name = Release;
		};
/* End XCBuildConfiguration section */

/* Begin XCConfigurationList section */
		B58858D22C12ACB90096B20D /* Build configuration list for PBXProject "Instagram" */ = {
			isa = XCConfigurationList;
			buildConfigurations = (
				B58858E92C12ACBC0096B20D /* Debug */,
				B58858EA2C12ACBC0096B20D /* Release */,
			);
			defaultConfigurationIsVisible = 0;
			defaultConfigurationName = Release;
		};
		B58858EB2C12ACBC0096B20D /* Build configuration list for PBXNativeTarget "Instagram" */ = {
			isa = XCConfigurationList;
			buildConfigurations = (
				B58858EC2C12ACBC0096B20D /* Debug */,
				B58858ED2C12ACBC0096B20D /* Release */,
			);
			defaultConfigurationIsVisible = 0;
			defaultConfigurationName = Release;
		};
/* End XCConfigurationList section */
	};
	rootObject = B58858CF2C12ACB90096B20D /* Project object */;
}
